
Microsoft Visual Studio Solution File, Format Version 12.00
# Visual Studio 15
Project("{FAE04EC0-301F-11D3-BF4B-00C04F79EFBC}") = "Assembly-CSharp", "Assembly-CSharp.csproj", "{B78DB376-1585-DCE9-1637-3C3B8A6CE8AB}"
EndProject
Project("{FAE04EC0-301F-11D3-BF4B-00C04F79EFBC}") = "SRDemo", "SRDemo.csproj", "{0422F53F-EB11-BD91-36D4-FB936CF04A71}"
EndProject
Project("{FAE04EC0-301F-11D3-BF4B-00C04F79EFBC}") = "SREditor-Editor", "SREditor-Editor.csproj", "{00C8143D-0E7C-14A0-FB2E-5DB56E74FB0F}"
EndProject
Project("{FAE04EC0-301F-11D3-BF4B-00C04F79EFBC}") = "CFXRRuntime", "CFXRRuntime.csproj", "{D39B70D7-65B1-6154-257D-656A3D865C85}"
EndProject
Project("{FAE04EC0-301F-11D3-BF4B-00C04F79EFBC}") = "CFXRDemo", "CFXRDemo.csproj", "{B54E4E2E-B6F7-AFCE-D2A6-16A1671BFC6D}"
EndProject
Project("{FAE04EC0-301F-11D3-BF4B-00C04F79EFBC}") = "CFXREditor", "CFXREditor.csproj", "{9873F999-E4D7-CF14-6C2E-74F6DE55A1F5}"
EndProject
Project("{FAE04EC0-301F-11D3-BF4B-00C04F79EFBC}") = "Assembly-CSharp-firstpass", "Assembly-CSharp-firstpass.csproj", "{EFE839EA-1A13-BBB2-89FA-CA460C81E90F}"
EndProject
Project("{FAE04EC0-301F-11D3-BF4B-00C04F79EFBC}") = "SREditor", "SREditor.csproj", "{E1FB8497-40A3-8D65-07BB-2E773CE85595}"
EndProject
Project("{FAE04EC0-301F-11D3-BF4B-00C04F79EFBC}") = "KinoBloom.Runtime", "KinoBloom.Runtime.csproj", "{825D2C9A-F8C6-971C-2A51-D27200DE43DC}"
EndProject
Project("{FAE04EC0-301F-11D3-BF4B-00C04F79EFBC}") = "CFXR.WelcomeScreen", "CFXR.WelcomeScreen.csproj", "{81823515-B9FF-2026-B222-D0FD7A6B4E17}"
EndProject
Project("{FAE04EC0-301F-11D3-BF4B-00C04F79EFBC}") = "ToonyColorsPro.Demo.Editor", "ToonyColorsPro.Demo.Editor.csproj", "{7BF29D50-3B81-1F28-14CC-47D63CD0AA68}"
EndProject
Project("{FAE04EC0-301F-11D3-BF4B-00C04F79EFBC}") = "SRDemo-Editor", "SRDemo-Editor.csproj", "{F6DDE5BC-493F-822D-FDA4-E7528549502F}"
EndProject
Project("{FAE04EC0-301F-11D3-BF4B-00C04F79EFBC}") = "NewTest", "NewTest.csproj", "{2D363563-CDDA-8FD6-CD51-B576A84146D2}"
EndProject
Global
	GlobalSection(SolutionConfigurationPlatforms) = preSolution
		Debug|Any CPU = Debug|Any CPU
		Release|Any CPU = Release|Any CPU
	EndGlobalSection
	GlobalSection(ProjectConfigurationPlatforms) = postSolution
		{B78DB376-1585-DCE9-1637-3C3B8A6CE8AB}.Debug|Any CPU.ActiveCfg = Debug|Any CPU
		{B78DB376-1585-DCE9-1637-3C3B8A6CE8AB}.Debug|Any CPU.Build.0 = Debug|Any CPU
		{B78DB376-1585-DCE9-1637-3C3B8A6CE8AB}.Release|Any CPU.ActiveCfg = Release|Any CPU
		{B78DB376-1585-DCE9-1637-3C3B8A6CE8AB}.Release|Any CPU.Build.0 = Release|Any CPU
		{0422F53F-EB11-BD91-36D4-FB936CF04A71}.Debug|Any CPU.ActiveCfg = Debug|Any CPU
		{0422F53F-EB11-BD91-36D4-FB936CF04A71}.Debug|Any CPU.Build.0 = Debug|Any CPU
		{0422F53F-EB11-BD91-36D4-FB936CF04A71}.Release|Any CPU.ActiveCfg = Release|Any CPU
		{0422F53F-EB11-BD91-36D4-FB936CF04A71}.Release|Any CPU.Build.0 = Release|Any CPU
		{00C8143D-0E7C-14A0-FB2E-5DB56E74FB0F}.Debug|Any CPU.ActiveCfg = Debug|Any CPU
		{00C8143D-0E7C-14A0-FB2E-5DB56E74FB0F}.Debug|Any CPU.Build.0 = Debug|Any CPU
		{00C8143D-0E7C-14A0-FB2E-5DB56E74FB0F}.Release|Any CPU.ActiveCfg = Release|Any CPU
		{00C8143D-0E7C-14A0-FB2E-5DB56E74FB0F}.Release|Any CPU.Build.0 = Release|Any CPU
		{D39B70D7-65B1-6154-257D-656A3D865C85}.Debug|Any CPU.ActiveCfg = Debug|Any CPU
		{D39B70D7-65B1-6154-257D-656A3D865C85}.Debug|Any CPU.Build.0 = Debug|Any CPU
		{D39B70D7-65B1-6154-257D-656A3D865C85}.Release|Any CPU.ActiveCfg = Release|Any CPU
		{D39B70D7-65B1-6154-257D-656A3D865C85}.Release|Any CPU.Build.0 = Release|Any CPU
		{B54E4E2E-B6F7-AFCE-D2A6-16A1671BFC6D}.Debug|Any CPU.ActiveCfg = Debug|Any CPU
		{B54E4E2E-B6F7-AFCE-D2A6-16A1671BFC6D}.Debug|Any CPU.Build.0 = Debug|Any CPU
		{B54E4E2E-B6F7-AFCE-D2A6-16A1671BFC6D}.Release|Any CPU.ActiveCfg = Release|Any CPU
		{B54E4E2E-B6F7-AFCE-D2A6-16A1671BFC6D}.Release|Any CPU.Build.0 = Release|Any CPU
		{9873F999-E4D7-CF14-6C2E-74F6DE55A1F5}.Debug|Any CPU.ActiveCfg = Debug|Any CPU
		{9873F999-E4D7-CF14-6C2E-74F6DE55A1F5}.Debug|Any CPU.Build.0 = Debug|Any CPU
		{9873F999-E4D7-CF14-6C2E-74F6DE55A1F5}.Release|Any CPU.ActiveCfg = Release|Any CPU
		{9873F999-E4D7-CF14-6C2E-74F6DE55A1F5}.Release|Any CPU.Build.0 = Release|Any CPU
		{EFE839EA-1A13-BBB2-89FA-CA460C81E90F}.Debug|Any CPU.ActiveCfg = Debug|Any CPU
		{EFE839EA-1A13-BBB2-89FA-CA460C81E90F}.Debug|Any CPU.Build.0 = Debug|Any CPU
		{EFE839EA-1A13-BBB2-89FA-CA460C81E90F}.Release|Any CPU.ActiveCfg = Release|Any CPU
		{EFE839EA-1A13-BBB2-89FA-CA460C81E90F}.Release|Any CPU.Build.0 = Release|Any CPU
		{E1FB8497-40A3-8D65-07BB-2E773CE85595}.Debug|Any CPU.ActiveCfg = Debug|Any CPU
		{E1FB8497-40A3-8D65-07BB-2E773CE85595}.Debug|Any CPU.Build.0 = Debug|Any CPU
		{E1FB8497-40A3-8D65-07BB-2E773CE85595}.Release|Any CPU.ActiveCfg = Release|Any CPU
		{E1FB8497-40A3-8D65-07BB-2E773CE85595}.Release|Any CPU.Build.0 = Release|Any CPU
		{825D2C9A-F8C6-971C-2A51-D27200DE43DC}.Debug|Any CPU.ActiveCfg = Debug|Any CPU
		{825D2C9A-F8C6-971C-2A51-D27200DE43DC}.Debug|Any CPU.Build.0 = Debug|Any CPU
		{825D2C9A-F8C6-971C-2A51-D27200DE43DC}.Release|Any CPU.ActiveCfg = Release|Any CPU
		{825D2C9A-F8C6-971C-2A51-D27200DE43DC}.Release|Any CPU.Build.0 = Release|Any CPU
		{81823515-B9FF-2026-B222-D0FD7A6B4E17}.Debug|Any CPU.ActiveCfg = Debug|Any CPU
		{81823515-B9FF-2026-B222-D0FD7A6B4E17}.Debug|Any CPU.Build.0 = Debug|Any CPU
		{81823515-B9FF-2026-B222-D0FD7A6B4E17}.Release|Any CPU.ActiveCfg = Release|Any CPU
		{81823515-B9FF-2026-B222-D0FD7A6B4E17}.Release|Any CPU.Build.0 = Release|Any CPU
		{7BF29D50-3B81-1F28-14CC-47D63CD0AA68}.Debug|Any CPU.ActiveCfg = Debug|Any CPU
		{7BF29D50-3B81-1F28-14CC-47D63CD0AA68}.Debug|Any CPU.Build.0 = Debug|Any CPU
		{7BF29D50-3B81-1F28-14CC-47D63CD0AA68}.Release|Any CPU.ActiveCfg = Release|Any CPU
		{7BF29D50-3B81-1F28-14CC-47D63CD0AA68}.Release|Any CPU.Build.0 = Release|Any CPU
		{F6DDE5BC-493F-822D-FDA4-E7528549502F}.Debug|Any CPU.ActiveCfg = Debug|Any CPU
		{F6DDE5BC-493F-822D-FDA4-E7528549502F}.Debug|Any CPU.Build.0 = Debug|Any CPU
		{F6DDE5BC-493F-822D-FDA4-E7528549502F}.Release|Any CPU.ActiveCfg = Release|Any CPU
		{F6DDE5BC-493F-822D-FDA4-E7528549502F}.Release|Any CPU.Build.0 = Release|Any CPU
		{2D363563-CDDA-8FD6-CD51-B576A84146D2}.Debug|Any CPU.ActiveCfg = Debug|Any CPU
		{2D363563-CDDA-8FD6-CD51-B576A84146D2}.Debug|Any CPU.Build.0 = Debug|Any CPU
		{2D363563-CDDA-8FD6-CD51-B576A84146D2}.Release|Any CPU.ActiveCfg = Release|Any CPU
		{2D363563-CDDA-8FD6-CD51-B576A84146D2}.Release|Any CPU.Build.0 = Release|Any CPU
	EndGlobalSection
	GlobalSection(SolutionProperties) = preSolution
		HideSolutionNode = FALSE
	EndGlobalSection
EndGlobal
